
Microsoft Visual Studio Solution File, Format Version 12.00
# Visual Studio 15
VisualStudioVersion = 15.0.28010.2036
MinimumVisualStudioVersion = 10.0.40219.1
Project("{FAE04EC0-301F-11D3-BF4B-00C04F79EFBC}") = "Lab1A", "Lab1A\Lab1A.csproj", "{CED18F00-33F9-4760-8C79-504063F54039}"
EndProject
Global
	GlobalSection(SolutionConfigurationPlatforms) = preSolution
		Debug|Any CPU = Debug|Any CPU
		Release|Any CPU = Release|Any CPU
	EndGlobalSection
	GlobalSection(ProjectConfigurationPlatforms) = postSolution
		{CED18F00-33F9-4760-8C79-504063F54039}.Debug|Any CPU.ActiveCfg = Debug|Any CPU
		{CED18F00-33F9-4760-8C79-504063F54039}.Debug|Any CPU.Build.0 = Debug|Any CPU
		{CED18F00-33F9-4760-8C79-504063F54039}.Release|Any CPU.ActiveCfg = Release|Any CPU
		{CED18F00-33F9-4760-8C79-504063F54039}.Release|Any CPU.Build.0 = Release|Any CPU
	EndGlobalSection
	GlobalSection(SolutionProperties) = preSolution
		HideSolutionNode = FALSE
	EndGlobalSection
	GlobalSection(ExtensibilityGlobals) = postSolution
		SolutionGuid = {4BC35B85-EE09-43A8-B301-D082FB9275BB}
	EndGlobalSection
EndGlobal
