
Microsoft Visual Studio Solution File, Format Version 12.00
# Visual Studio 15
VisualStudioVersion = 15.0.28010.2036
MinimumVisualStudioVersion = 10.0.40219.1
Project("{FAE04EC0-301F-11D3-BF4B-00C04F79EFBC}") = "empty", "empty\empty.csproj", "{BA882F31-3C20-4F80-A3C9-BFB91DCE2E2B}"
EndProject
Global
	GlobalSection(SolutionConfigurationPlatforms) = preSolution
		Debug|Any CPU = Debug|Any CPU
		Release|Any CPU = Release|Any CPU
	EndGlobalSection
	GlobalSection(ProjectConfigurationPlatforms) = postSolution
		{BA882F31-3C20-4F80-A3C9-BFB91DCE2E2B}.Debug|Any CPU.ActiveCfg = Debug|Any CPU
		{BA882F31-3C20-4F80-A3C9-BFB91DCE2E2B}.Debug|Any CPU.Build.0 = Debug|Any CPU
		{BA882F31-3C20-4F80-A3C9-BFB91DCE2E2B}.Release|Any CPU.ActiveCfg = Release|Any CPU
		{BA882F31-3C20-4F80-A3C9-BFB91DCE2E2B}.Release|Any CPU.Build.0 = Release|Any CPU
	EndGlobalSection
	GlobalSection(SolutionProperties) = preSolution
		HideSolutionNode = FALSE
	EndGlobalSection
	GlobalSection(ExtensibilityGlobals) = postSolution
		SolutionGuid = {FCC25B34-F2B3-4C09-9ACE-5F1A112F488A}
	EndGlobalSection
EndGlobal
